{
  "nodes": {
    "home-manager": {
      "inputs": {
        "nixpkgs": [
          "nixpkgs"
        ]
      },
      "locked": {
        "lastModified": 1732319136,
        "narHash": "sha256-wpmPl6FkAF9Jj5C/rzANgpUjfzQrUYOn267LnzKU2uI=",
        "owner": "nix-community",
        "repo": "home-manager",
        "rev": "f8831cc700030e11fc91da9ef6270593e6440edc",
        "type": "github"
      },
      "original": {
        "owner": "nix-community",
        "ref": "release-24.11",
        "repo": "home-manager",
        "type": "github"
      }
    },
    "nixpkgs": {
      "locked": {
        "lastModified": 1732421651,
        "narHash": "sha256-NnqillgiF6ensDeBM0aLcCpdjHBE6k0tbpNfRnZOy08=",
        "owner": "nixos",
        "repo": "nixpkgs",
        "rev": "bfb58cbb37d03e7b989fd0578c9161dcbdc6c135",
        "type": "github"
      },
      "original": {
        "owner": "nixos",
        "ref": "release-24.11",
        "repo": "nixpkgs",
        "type": "github"
      }
    },
    "root": {
      "inputs": {
        "home-manager": "home-manager",
        "nixpkgs": "nixpkgs"
      }
    }
  },
  "root": "root",
  "version": 7
}
