{
  "nodes": {
    "home-manager": {
      "inputs": {
        "nixpkgs": [
          "nixpkgs"
        ]
      },
      "locked": {
        "lastModified": 1731880681,
        "narHash": "sha256-FmYTkIyPBUxSWgA7DPIVTsCCMvSSbs56yOtHpLNSnKg=",
        "owner": "nix-community",
        "repo": "home-manager",
        "rev": "aecd341dfead1c3ef7a3c15468ecd71e8343b7c6",
        "type": "github"
      },
      "original": {
        "owner": "nix-community",
        "ref": "release-24.11",
        "repo": "home-manager",
        "type": "github"
      }
    },
    "nixpkgs": {
      "locked": {
        "lastModified": 1732237847,
        "narHash": "sha256-WwtrPxym9sQtwZkemxUfT00iCWfXxzuVAC7uFP1m1Y0=",
        "owner": "nixos",
        "repo": "nixpkgs",
        "rev": "9bbcb9a5a7e54369faaced5fb0ddad1fda21b751",
        "type": "github"
      },
      "original": {
        "owner": "nixos",
        "ref": "release-24.11",
        "repo": "nixpkgs",
        "type": "github"
      }
    },
    "root": {
      "inputs": {
        "home-manager": "home-manager",
        "nixpkgs": "nixpkgs"
      }
    }
  },
  "root": "root",
  "version": 7
}
